// !$*UTF8*$!
{
	archiveVersion = 1;
	classes = {
	};
	objectVersion = 50;
	objects = {

/* Begin PBXBuildFile section */
		73A96CF623DA7F6F00443139 /* AppDelegate.swift in Sources */ = {isa = PBXBuildFile; fileRef = 73A96CF523DA7F6F00443139 /* AppDelegate.swift */; };
		73A96CF823DA7F6F00443139 /* SceneDelegate.swift in Sources */ = {isa = PBXBuildFile; fileRef = 73A96CF723DA7F6F00443139 /* SceneDelegate.swift */; };
		73A96CFA23DA7F6F00443139 /* ContentView.swift in Sources */ = {isa = PBXBuildFile; fileRef = 73A96CF923DA7F6F00443139 /* ContentView.swift */; };
		73A96CFC23DA7F7100443139 /* Assets.xcassets in Resources */ = {isa = PBXBuildFile; fileRef = 73A96CFB23DA7F7100443139 /* Assets.xcassets */; };
		73A96CFF23DA7F7100443139 /* Preview Assets.xcassets in Resources */ = {isa = PBXBuildFile; fileRef = 73A96CFE23DA7F7100443139 /* Preview Assets.xcassets */; };
		73A96D0223DA7F7100443139 /* LaunchScreen.storyboard in Resources */ = {isa = PBXBuildFile; fileRef = 73A96D0023DA7F7100443139 /* LaunchScreen.storyboard */; };
/* End PBXBuildFile section */

/* Begin PBXFileReference section */
		73A96CF223DA7F6F00443139 /* Vent.app */ = {isa = PBXFileReference; explicitFileType = wrapper.application; includeInIndex = 0; path = Vent.app; sourceTree = BUILT_PRODUCTS_DIR; };
		73A96CF523DA7F6F00443139 /* AppDelegate.swift */ = {isa = PBXFileReference; lastKnownFileType = sourcecode.swift; path = AppDelegate.swift; sourceTree = "<group>"; };
		73A96CF723DA7F6F00443139 /* SceneDelegate.swift */ = {isa = PBXFileReference; lastKnownFileType = sourcecode.swift; path = SceneDelegate.swift; sourceTree = "<group>"; };
		73A96CF923DA7F6F00443139 /* ContentView.swift */ = {isa = PBXFileReference; lastKnownFileType = sourcecode.swift; path = ContentView.swift; sourceTree = "<group>"; };
		73A96CFB23DA7F7100443139 /* Assets.xcassets */ = {isa = PBXFileReference; lastKnownFileType = folder.assetcatalog; path = Assets.xcassets; sourceTree = "<group>"; };
		73A96CFE23DA7F7100443139 /* Preview Assets.xcassets */ = {isa = PBXFileReference; lastKnownFileType = folder.assetcatalog; path = "Preview Assets.xcassets"; sourceTree = "<group>"; };
		73A96D0123DA7F7100443139 /* Base */ = {isa = PBXFileReference; lastKnownFileType = file.storyboard; name = Base; path = Base.lproj/LaunchScreen.storyboard; sourceTree = "<group>"; };
		73A96D0323DA7F7100443139 /* Info.plist */ = {isa = PBXFileReference; lastKnownFileType = text.plist.xml; path = Info.plist; sourceTree = "<group>"; };
/* End PBXFileReference section */

/* Begin PBXFrameworksBuildPhase section */
		73A96CEF23DA7F6F00443139 /* Frameworks */ = {
			isa = PBXFrameworksBuildPhase;
			buildActionMask = 2147483647;
			files = (
			);
			runOnlyForDeploymentPostprocessing = 0;
		};
/* End PBXFrameworksBuildPhase section */

/* Begin PBXGroup section */
		73A96CE923DA7F6F00443139 = {
			isa = PBXGroup;
			children = (
				73A96CF423DA7F6F00443139 /* Vent */,
				73A96CF323DA7F6F00443139 /* Products */,
			);
			sourceTree = "<group>";
		};
		73A96CF323DA7F6F00443139 /* Products */ = {
			isa = PBXGroup;
			children = (
				73A96CF223DA7F6F00443139 /* Vent.app */,
			);
			name = Products;
			sourceTree = "<group>";
		};
		73A96CF423DA7F6F00443139 /* Vent */ = {
			isa = PBXGroup;
			children = (
				73A96CF523DA7F6F00443139 /* AppDelegate.swift */,
				73A96CF723DA7F6F00443139 /* SceneDelegate.swift */,
				73A96CF923DA7F6F00443139 /* ContentView.swift */,
				73A96CFB23DA7F7100443139 /* Assets.xcassets */,
				73A96D0023DA7F7100443139 /* LaunchScreen.storyboard */,
				73A96D0323DA7F7100443139 /* Info.plist */,
				73A96CFD23DA7F7100443139 /* Preview Content */,
			);
			path = Vent;
			sourceTree = "<group>";
		};
		73A96CFD23DA7F7100443139 /* Preview Content */ = {
			isa = PBXGroup;
			children = (
				73A96CFE23DA7F7100443139 /* Preview Assets.xcassets */,
			);
			path = "Preview Content";
			sourceTree = "<group>";
		};
/* End PBXGroup section */

/* Begin PBXNativeTarget section */
		73A96CF123DA7F6F00443139 /* Vent */ = {
			isa = PBXNativeTarget;
			buildConfigurationList = 73A96D0623DA7F7100443139 /* Build configuration list for PBXNativeTarget "Vent" */;
			buildPhases = (
				73A96CEE23DA7F6F00443139 /* Sources */,
				73A96CEF23DA7F6F00443139 /* Frameworks */,
				73A96CF023DA7F6F00443139 /* Resources */,
			);
			buildRules = (
			);
			dependencies = (
			);
			name = Vent;
			productName = Vent;
			productReference = 73A96CF223DA7F6F00443139 /* Vent.app */;
			productType = "com.apple.product-type.application";
		};
/* End PBXNativeTarget section */

/* Begin PBXProject section */
		73A96CEA23DA7F6F00443139 /* Project object */ = {
			isa = PBXProject;
			attributes = {
				LastSwiftUpdateCheck = 1120;
				LastUpgradeCheck = 1120;
				ORGANIZATIONNAME = "Evan Horsley";
				TargetAttributes = {
					73A96CF123DA7F6F00443139 = {
						CreatedOnToolsVersion = 11.2;
					};
				};
			};
			buildConfigurationList = 73A96CED23DA7F6F00443139 /* Build configuration list for PBXProject "Vent" */;
			compatibilityVersion = "Xcode 9.3";
			developmentRegion = en;
			hasScannedForEncodings = 0;
			knownRegions = (
				en,
				Base,
			);
			mainGroup = 73A96CE923DA7F6F00443139;
			productRefGroup = 73A96CF323DA7F6F00443139 /* Products */;
			projectDirPath = "";
			projectRoot = "";
			targets = (
				73A96CF123DA7F6F00443139 /* Vent */,
			);
		};
/* End PBXProject section */

/* Begin PBXResourcesBuildPhase section */
		73A96CF023DA7F6F00443139 /* Resources */ = {
			isa = PBXResourcesBuildPhase;
			buildActionMask = 2147483647;
			files = (
				73A96D0223DA7F7100443139 /* LaunchScreen.storyboard in Resources */,
				73A96CFF23DA7F7100443139 /* Preview Assets.xcassets in Resources */,
				73A96CFC23DA7F7100443139 /* Assets.xcassets in Resources */,
			);
			runOnlyForDeploymentPostprocessing = 0;
		};
/* End PBXResourcesBuildPhase section */

/* Begin PBXSourcesBuildPhase section */
		73A96CEE23DA7F6F00443139 /* Sources */ = {
			isa = PBXSourcesBuildPhase;
			buildActionMask = 2147483647;
			files = (
				73A96CF623DA7F6F00443139 /* AppDelegate.swift in Sources */,
				73A96CF823DA7F6F00443139 /* SceneDelegate.swift in Sources */,
				73A96CFA23DA7F6F00443139 /* ContentView.swift in Sources */,
			);
			runOnlyForDeploymentPostprocessing = 0;
		};
/* End PBXSourcesBuildPhase section */

/* Begin PBXVariantGroup section */
		73A96D0023DA7F7100443139 /* LaunchScreen.storyboard */ = {
			isa = PBXVariantGroup;
			children = (
				73A96D0123DA7F7100443139 /* Base */,
			);
			name = LaunchScreen.storyboard;
			sourceTree = "<group>";
		};
/* End PBXVariantGroup section */

/* Begin XCBuildConfiguration section */
		73A96D0423DA7F7100443139 /* Debug */ = {
			isa = XCBuildConfiguration;
			buildSettings = {
				ALWAYS_SEARCH_USER_PATHS = NO;
				CLANG_ANALYZER_NONNULL = YES;
				CLANG_ANALYZER_NUMBER_OBJECT_CONVERSION = YES_AGGRESSIVE;
				CLANG_CXX_LANGUAGE_STANDARD = "gnu++14";
				CLANG_CXX_LIBRARY = "libc++";
				CLANG_ENABLE_MODULES = YES;
				CLANG_ENABLE_OBJC_ARC = YES;
				CLANG_ENABLE_OBJC_WEAK = YES;
				CLANG_WARN_BLOCK_CAPTURE_AUTORELEASING = YES;
				CLANG_WARN_BOOL_CONVERSION = YES;
				CLANG_WARN_COMMA = YES;
				CLANG_WARN_CONSTANT_CONVERSION = YES;
				CLANG_WARN_DEPRECATED_OBJC_IMPLEMENTATIONS = YES;
				CLANG_WARN_DIRECT_OBJC_ISA_USAGE = YES_ERROR;
				CLANG_WARN_DOCUMENTATION_COMMENTS = YES;
				CLANG_WARN_EMPTY_BODY = YES;
				CLANG_WARN_ENUM_CONVERSION = YES;
				CLANG_WARN_INFINITE_RECURSION = YES;
				CLANG_WARN_INT_CONVERSION = YES;
				CLANG_WARN_NON_LITERAL_NULL_CONVERSION = YES;
				CLANG_WARN_OBJC_IMPLICIT_RETAIN_SELF = YES;
				CLANG_WARN_OBJC_LITERAL_CONVERSION = YES;
				CLANG_WARN_OBJC_ROOT_CLASS = YES_ERROR;
				CLANG_WARN_RANGE_LOOP_ANALYSIS = YES;
				CLANG_WARN_STRICT_PROTOTYPES = YES;
				CLANG_WARN_SUSPICIOUS_MOVE = YES;
				CLANG_WARN_UNGUARDED_AVAILABILITY = YES_AGGRESSIVE;
				CLANG_WARN_UNREACHABLE_CODE = YES;
				CLANG_WARN__DUPLICATE_METHOD_MATCH = YES;
				COPY_PHASE_STRIP = NO;
				DEBUG_INFORMATION_FORMAT = dwarf;
				ENABLE_STRICT_OBJC_MSGSEND = YES;
				ENABLE_TESTABILITY = YES;
				GCC_C_LANGUAGE_STANDARD = gnu11;
				GCC_DYNAMIC_NO_PIC = NO;
				GCC_NO_COMMON_BLOCKS = YES;
				GCC_OPTIMIZATION_LEVEL = 0;
				GCC_PREPROCESSOR_DEFINITIONS = (
					"DEBUG=1",
					"$(inherited)",
				);
				GCC_WARN_64_TO_32_BIT_CONVERSION = YES;
				GCC_WARN_ABOUT_RETURN_TYPE = YES_ERROR;
				GCC_WARN_UNDECLARED_SELECTOR = YES;
				GCC_WARN_UNINITIALIZED_AUTOS = YES_AGGRESSIVE;
				GCC_WARN_UNUSED_FUNCTION = YES;
				GCC_WARN_UNUSED_VARIABLE = YES;
				IPHONEOS_DEPLOYMENT_TARGET = 13.2;
				MTL_ENABLE_DEBUG_INFO = INCLUDE_SOURCE;
				MTL_FAST_MATH = YES;
				ONLY_ACTIVE_ARCH = YES;
				SDKROOT = iphoneos;
				SWIFT_ACTIVE_COMPILATION_CONDITIONS = DEBUG;
				SWIFT_OPTIMIZATION_LEVEL = "-Onone";
			};
			name = Debug;
		};
		73A96D0523DA7F7100443139 /* Release */ = {
			isa = XCBuildConfiguration;
			buildSettings = {
				ALWAYS_SEARCH_USER_PATHS = NO;
				CLANG_ANALYZER_NONNULL = YES;
				CLANG_ANALYZER_NUMBER_OBJECT_CONVERSION = YES_AGGRESSIVE;
				CLANG_CXX_LANGUAGE_STANDARD = "gnu++14";
				CLANG_CXX_LIBRARY = "libc++";
				CLANG_ENABLE_MODULES = YES;
				CLANG_ENABLE_OBJC_ARC = YES;
				CLANG_ENABLE_OBJC_WEAK = YES;
				CLANG_WARN_BLOCK_CAPTURE_AUTORELEASING = YES;
				CLANG_WARN_BOOL_CONVERSION = YES;
				CLANG_WARN_COMMA = YES;
				CLANG_WARN_CONSTANT_CONVERSION = YES;
				CLANG_WARN_DEPRECATED_OBJC_IMPLEMENTATIONS = YES;
				CLANG_WARN_DIRECT_OBJC_ISA_USAGE = YES_ERROR;
				CLANG_WARN_DOCUMENTATION_COMMENTS = YES;
				CLANG_WARN_EMPTY_BODY = YES;
				CLANG_WARN_ENUM_CONVERSION = YES;
				CLANG_WARN_INFINITE_RECURSION = YES;
				CLANG_WARN_INT_CONVERSION = YES;
				CLANG_WARN_NON_LITERAL_NULL_CONVERSION = YES;
				CLANG_WARN_OBJC_IMPLICIT_RETAIN_SELF = YES;
				CLANG_WARN_OBJC_LITERAL_CONVERSION = YES;
				CLANG_WARN_OBJC_ROOT_CLASS = YES_ERROR;
				CLANG_WARN_RANGE_LOOP_ANALYSIS = YES;
				CLANG_WARN_STRICT_PROTOTYPES = YES;
				CLANG_WARN_SUSPICIOUS_MOVE = YES;
				CLANG_WARN_UNGUARDED_AVAILABILITY = YES_AGGRESSIVE;
				CLANG_WARN_UNREACHABLE_CODE = YES;
				CLANG_WARN__DUPLICATE_METHOD_MATCH = YES;
				COPY_PHASE_STRIP = NO;
				DEBUG_INFORMATION_FORMAT = "dwarf-with-dsym";
				ENABLE_NS_ASSERTIONS = NO;
				ENABLE_STRICT_OBJC_MSGSEND = YES;
				GCC_C_LANGUAGE_STANDARD = gnu11;
				GCC_NO_COMMON_BLOCKS = YES;
				GCC_WARN_64_TO_32_BIT_CONVERSION = YES;
				GCC_WARN_ABOUT_RETURN_TYPE = YES_ERROR;
				GCC_WARN_UNDECLARED_SELECTOR = YES;
				GCC_WARN_UNINITIALIZED_AUTOS = YES_AGGRESSIVE;
				GCC_WARN_UNUSED_FUNCTION = YES;
				GCC_WARN_UNUSED_VARIABLE = YES;
				IPHONEOS_DEPLOYMENT_TARGET = 13.2;
				MTL_ENABLE_DEBUG_INFO = NO;
				MTL_FAST_MATH = YES;
				SDKROOT = iphoneos;
				SWIFT_COMPILATION_MODE = wholemodule;
				SWIFT_OPTIMIZATION_LEVEL = "-O";
				VALIDATE_PRODUCT = YES;
			};
			name = Release;
		};
		73A96D0723DA7F7100443139 /* Debug */ = {
			isa = XCBuildConfiguration;
			buildSettings = {
				ASSETCATALOG_COMPILER_APPICON_NAME = AppIcon;
				CODE_SIGN_STYLE = Automatic;
				DEVELOPMENT_ASSET_PATHS = "\"Vent/Preview Content\"";
				ENABLE_PREVIEWS = YES;
				INFOPLIST_FILE = Vent/Info.plist;
				LD_RUNPATH_SEARCH_PATHS = (
					"$(inherited)",
					"@executable_path/Frameworks",
				);
				PRODUCT_BUNDLE_IDENTIFIER = com.evanhorsley.Vent;
				PRODUCT_NAME = "$(TARGET_NAME)";
				SWIFT_VERSION = 5.0;
				TARGETED_DEVICE_FAMILY = "1,2";
			};
			name = Debug;
		};
		73A96D0823DA7F7100443139 /* Release */ = {
			isa = XCBuildConfiguration;
			buildSettings = {
				ASSETCATALOG_COMPILER_APPICON_NAME = AppIcon;
				CODE_SIGN_STYLE = Automatic;
				DEVELOPMENT_ASSET_PATHS = "\"Vent/Preview Content\"";
				ENABLE_PREVIEWS = YES;
				INFOPLIST_FILE = Vent/Info.plist;
				LD_RUNPATH_SEARCH_PATHS = (
					"$(inherited)",
					"@executable_path/Frameworks",
				);
				PRODUCT_BUNDLE_IDENTIFIER = com.evanhorsley.Vent;
				PRODUCT_NAME = "$(TARGET_NAME)";
				SWIFT_VERSION = 5.0;
				TARGETED_DEVICE_FAMILY = "1,2";
			};
			name = Release;
		};
/* End XCBuildConfiguration section */

/* Begin XCConfigurationList section */
		73A96CED23DA7F6F00443139 /* Build configuration list for PBXProject "Vent" */ = {
			isa = XCConfigurationList;
			buildConfigurations = (
				73A96D0423DA7F7100443139 /* Debug */,
				73A96D0523DA7F7100443139 /* Release */,
			);
			defaultConfigurationIsVisible = 0;
			defaultConfigurationName = Release;
		};
		73A96D0623DA7F7100443139 /* Build configuration list for PBXNativeTarget "Vent" */ = {
			isa = XCConfigurationList;
			buildConfigurations = (
				73A96D0723DA7F7100443139 /* Debug */,
				73A96D0823DA7F7100443139 /* Release */,
			);
			defaultConfigurationIsVisible = 0;
			defaultConfigurationName = Release;
		};
/* End XCConfigurationList section */
	};
	rootObject = 73A96CEA23DA7F6F00443139 /* Project object */;
}
